
Microsoft Visual Studio Solution File, Format Version 12.00
# Visual Studio 15
VisualStudioVersion = 15.0.28307.168
MinimumVisualStudioVersion = 10.0.40219.1
Project("{FAE04EC0-301F-11D3-BF4B-00C04F79EFBC}") = "WeatherGen", "WeatherGen\WeatherGen.csproj", "{69864D37-4FD9-4FA9-A638-699AAAC13B33}"
EndProject
Global
	GlobalSection(SolutionConfigurationPlatforms) = preSolution
		Debug|Any CPU = Debug|Any CPU
		Release|Any CPU = Release|Any CPU
	EndGlobalSection
	GlobalSection(ProjectConfigurationPlatforms) = postSolution
		{69864D37-4FD9-4FA9-A638-699AAAC13B33}.Debug|Any CPU.ActiveCfg = Debug|Any CPU
		{69864D37-4FD9-4FA9-A638-699AAAC13B33}.Debug|Any CPU.Build.0 = Debug|Any CPU
		{69864D37-4FD9-4FA9-A638-699AAAC13B33}.Release|Any CPU.ActiveCfg = Release|Any CPU
		{69864D37-4FD9-4FA9-A638-699AAAC13B33}.Release|Any CPU.Build.0 = Release|Any CPU
	EndGlobalSection
	GlobalSection(SolutionProperties) = preSolution
		HideSolutionNode = FALSE
	EndGlobalSection
	GlobalSection(ExtensibilityGlobals) = postSolution
		SolutionGuid = {10630314-B8B2-4766-9174-6B8C469765A1}
	EndGlobalSection
EndGlobal
